
Microsoft Visual Studio Solution File, Format Version 12.00
# Visual Studio 15
VisualStudioVersion = 15.0.26730.16
MinimumVisualStudioVersion = 10.0.40219.1
Project("{2150E333-8FDC-42A3-9474-1A3956D46DE8}") = "src", "src", "{2408EC7B-2E06-46A5-B6AC-D4E985E30CBB}"
EndProject
Project("{9A19103F-16F7-4668-BE54-9A1E7A4F7556}") = "IdentityServerWithAspIdAndEF", "src\IdentityServerWithAspIdAndEF\IdentityServerWithAspIdAndEF.csproj", "{1ECB5581-FFA5-4C11-A491-C85ABD962033}"
EndProject
Project("{9A19103F-16F7-4668-BE54-9A1E7A4F7556}") = "PlusTechPlusSystem", "PlusTechPlusSystem\PlusTechPlusSystem.csproj", "{13E52152-C0F2-4ED6-94E4-7BAEE09793EE}"
EndProject
Project("{9A19103F-16F7-4668-BE54-9A1E7A4F7556}") = "CatalogOrgantication", "CatalogOrgantication\CatalogOrgantication.csproj", "{1910BD63-E6C8-4B46-A811-A9FD5C96F2A2}"
EndProject
Project("{FAE04EC0-301F-11D3-BF4B-00C04F79EFBC}") = "MutilOgranzition", "MutilOgranzition\MutilOgranzition.csproj", "{AC025073-897A-4433-A5D5-18E64B148EB7}"
EndProject
Global
	GlobalSection(SolutionConfigurationPlatforms) = preSolution
		Debug|Any CPU = Debug|Any CPU
		Release|Any CPU = Release|Any CPU
	EndGlobalSection
	GlobalSection(ProjectConfigurationPlatforms) = postSolution
		{1ECB5581-FFA5-4C11-A491-C85ABD962033}.Debug|Any CPU.ActiveCfg = Debug|Any CPU
		{1ECB5581-FFA5-4C11-A491-C85ABD962033}.Debug|Any CPU.Build.0 = Debug|Any CPU
		{1ECB5581-FFA5-4C11-A491-C85ABD962033}.Release|Any CPU.ActiveCfg = Release|Any CPU
		{1ECB5581-FFA5-4C11-A491-C85ABD962033}.Release|Any CPU.Build.0 = Release|Any CPU
		{13E52152-C0F2-4ED6-94E4-7BAEE09793EE}.Debug|Any CPU.ActiveCfg = Debug|Any CPU
		{13E52152-C0F2-4ED6-94E4-7BAEE09793EE}.Debug|Any CPU.Build.0 = Debug|Any CPU
		{13E52152-C0F2-4ED6-94E4-7BAEE09793EE}.Release|Any CPU.ActiveCfg = Release|Any CPU
		{13E52152-C0F2-4ED6-94E4-7BAEE09793EE}.Release|Any CPU.Build.0 = Release|Any CPU
		{1910BD63-E6C8-4B46-A811-A9FD5C96F2A2}.Debug|Any CPU.ActiveCfg = Debug|Any CPU
		{1910BD63-E6C8-4B46-A811-A9FD5C96F2A2}.Debug|Any CPU.Build.0 = Debug|Any CPU
		{1910BD63-E6C8-4B46-A811-A9FD5C96F2A2}.Release|Any CPU.ActiveCfg = Release|Any CPU
		{1910BD63-E6C8-4B46-A811-A9FD5C96F2A2}.Release|Any CPU.Build.0 = Release|Any CPU
		{AC025073-897A-4433-A5D5-18E64B148EB7}.Debug|Any CPU.ActiveCfg = Debug|Any CPU
		{AC025073-897A-4433-A5D5-18E64B148EB7}.Debug|Any CPU.Build.0 = Debug|Any CPU
		{AC025073-897A-4433-A5D5-18E64B148EB7}.Release|Any CPU.ActiveCfg = Release|Any CPU
		{AC025073-897A-4433-A5D5-18E64B148EB7}.Release|Any CPU.Build.0 = Release|Any CPU
	EndGlobalSection
	GlobalSection(SolutionProperties) = preSolution
		HideSolutionNode = FALSE
	EndGlobalSection
	GlobalSection(NestedProjects) = preSolution
		{1ECB5581-FFA5-4C11-A491-C85ABD962033} = {2408EC7B-2E06-46A5-B6AC-D4E985E30CBB}
		{13E52152-C0F2-4ED6-94E4-7BAEE09793EE} = {2408EC7B-2E06-46A5-B6AC-D4E985E30CBB}
		{1910BD63-E6C8-4B46-A811-A9FD5C96F2A2} = {2408EC7B-2E06-46A5-B6AC-D4E985E30CBB}
		{AC025073-897A-4433-A5D5-18E64B148EB7} = {2408EC7B-2E06-46A5-B6AC-D4E985E30CBB}
	EndGlobalSection
	GlobalSection(ExtensibilityGlobals) = postSolution
		SolutionGuid = {DA180829-4EA8-4C3B-BCF1-0379C9588BE6}
	EndGlobalSection
EndGlobal
